# This file is generated by running "yarn install" inside your project.
# Manual changes might be lost - proceed with caution!

__metadata:
  version: 6
  cacheKey: 8

"@codemirror/state@npm:^6.4.1":
  version: 6.4.1
  resolution: "@codemirror/state@npm:6.4.1"
  checksum: b81b55574091349eed4d32fc0eadb0c9688f1f7c98b681318f59138ee0f527cb4c4a97831b70547c0640f02f3127647838ae6730782de4a3dd2cc58836125d01
  languageName: node
  linkType: hard

"@fortawesome/fontawesome-free@npm:^5.12.0":
  version: 5.15.4
  resolution: "@fortawesome/fontawesome-free@npm:5.15.4"
  checksum: 32281c3df4075290d9a96dfc22f72fadb3da7055d4117e48d34046b8c98032a55fa260ae351b0af5d6f6fb57a2f5d79a4abe52af456da35195f7cb7dda27b4a2
  languageName: node
  linkType: hard

"@jupyter/react-components@npm:^0.15.3":
  version: 0.15.3
  resolution: "@jupyter/react-components@npm:0.15.3"
  dependencies:
    "@jupyter/web-components": ^0.15.3
    "@microsoft/fast-react-wrapper": ^0.3.22
    react: ">=17.0.0 <19.0.0"
  checksum: 1a6b256314259c6465c4b6d958575710536b82234a7bf0fba3e889a07e1f19ff8ab321450be354359876f92c45dbcc9d21a840237ff4a619806d9de696f55496
  languageName: node
  linkType: hard

"@jupyter/web-components@npm:^0.15.3":
  version: 0.15.3
  resolution: "@jupyter/web-components@npm:0.15.3"
  dependencies:
    "@microsoft/fast-colors": ^5.3.1
    "@microsoft/fast-element": ^1.12.0
    "@microsoft/fast-foundation": ^2.49.4
    "@microsoft/fast-web-utilities": ^5.4.1
  checksum: a0980af934157bfdbdb6cc169c0816c1b2e57602d524c56bdcef746a4c25dfeb8f505150d83207c8695ed89b5486cf53d35a3382584d25ef64db666e4e16e45b
  languageName: node
  linkType: hard

"@jupyter/ydoc@npm:^2.0.1":
  version: 2.1.1
  resolution: "@jupyter/ydoc@npm:2.1.1"
  dependencies:
    "@jupyterlab/nbformat": ^3.0.0 || ^4.0.0-alpha.21 || ^4.0.0
    "@lumino/coreutils": ^1.11.0 || ^2.0.0
    "@lumino/disposable": ^1.10.0 || ^2.0.0
    "@lumino/signaling": ^1.10.0 || ^2.0.0
    y-protocols: ^1.0.5
    yjs: ^13.5.40
  checksum: f10268d4d990f454279e3908a172755ed5885fa81bb70c31bdf66923598b283d26491741bece137d1c348619861e9b7f8354296773fe5352b1915e69101a9fb0
  languageName: node
  linkType: hard

"@jupyterlab/application@npm:^4.2.4":
  version: 4.2.4
  resolution: "@jupyterlab/application@npm:4.2.4"
  dependencies:
    "@fortawesome/fontawesome-free": ^5.12.0
    "@jupyterlab/apputils": ^4.3.4
    "@jupyterlab/coreutils": ^6.2.4
    "@jupyterlab/docregistry": ^4.2.4
    "@jupyterlab/rendermime": ^4.2.4
    "@jupyterlab/rendermime-interfaces": ^3.10.4
    "@jupyterlab/services": ^7.2.4
    "@jupyterlab/statedb": ^4.2.4
    "@jupyterlab/translation": ^4.2.4
    "@jupyterlab/ui-components": ^4.2.4
    "@lumino/algorithm": ^2.0.1
    "@lumino/application": ^2.3.1
    "@lumino/commands": ^2.3.0
    "@lumino/coreutils": ^2.1.2
    "@lumino/disposable": ^2.1.2
    "@lumino/messaging": ^2.0.1
    "@lumino/polling": ^2.1.2
    "@lumino/properties": ^2.0.1
    "@lumino/signaling": ^2.1.2
    "@lumino/widgets": ^2.3.2
  checksum: f2b8c06ad4ee370ed21476c39bfa176bdfe9ef38ec471ea2533a521365655e946b98a7cfa0f2a7f02aab13ad1733c5b24b30760db63bb76124d15d0c78968269
  languageName: node
  linkType: hard

"@jupyterlab/apputils@npm:^4.3.4":
  version: 4.3.4
  resolution: "@jupyterlab/apputils@npm:4.3.4"
  dependencies:
    "@jupyterlab/coreutils": ^6.2.4
    "@jupyterlab/observables": ^5.2.4
    "@jupyterlab/rendermime-interfaces": ^3.10.4
    "@jupyterlab/services": ^7.2.4
    "@jupyterlab/settingregistry": ^4.2.4
    "@jupyterlab/statedb": ^4.2.4
    "@jupyterlab/statusbar": ^4.2.4
    "@jupyterlab/translation": ^4.2.4
    "@jupyterlab/ui-components": ^4.2.4
    "@lumino/algorithm": ^2.0.1
    "@lumino/commands": ^2.3.0
    "@lumino/coreutils": ^2.1.2
    "@lumino/disposable": ^2.1.2
    "@lumino/domutils": ^2.0.1
    "@lumino/messaging": ^2.0.1
    "@lumino/signaling": ^2.1.2
    "@lumino/virtualdom": ^2.0.1
    "@lumino/widgets": ^2.3.2
    "@types/react": ^18.0.26
    react: ^18.2.0
    sanitize-html: ~2.12.1
  checksum: 403e1090506d36eac46191147e832b8897c8daf5981104a085ed654338c9fbb44594d7b63fde219ba22fb94c8070c8cf5fca50a78f0728aafb4a4e2e795eb719
  languageName: node
  linkType: hard

"@jupyterlab/codeeditor@npm:^4.2.4":
  version: 4.2.4
  resolution: "@jupyterlab/codeeditor@npm:4.2.4"
  dependencies:
    "@codemirror/state": ^6.4.1
    "@jupyter/ydoc": ^2.0.1
    "@jupyterlab/apputils": ^4.3.4
    "@jupyterlab/coreutils": ^6.2.4
    "@jupyterlab/nbformat": ^4.2.4
    "@jupyterlab/observables": ^5.2.4
    "@jupyterlab/statusbar": ^4.2.4
    "@jupyterlab/translation": ^4.2.4
    "@jupyterlab/ui-components": ^4.2.4
    "@lumino/coreutils": ^2.1.2
    "@lumino/disposable": ^2.1.2
    "@lumino/dragdrop": ^2.1.4
    "@lumino/messaging": ^2.0.1
    "@lumino/signaling": ^2.1.2
    "@lumino/widgets": ^2.3.2
    react: ^18.2.0
  checksum: 851f7ab884030c41317171aa7e699e37440a41a1aff0859e7f7aaf10d8204802817c25ab227d7f24863ba1ffe689ad06ea7674b53073037b7b59df21613cdfe0
  languageName: node
  linkType: hard

"@jupyterlab/coreutils@npm:^6.2.4":
  version: 6.2.4
  resolution: "@jupyterlab/coreutils@npm:6.2.4"
  dependencies:
    "@lumino/coreutils": ^2.1.2
    "@lumino/disposable": ^2.1.2
    "@lumino/signaling": ^2.1.2
    minimist: ~1.2.0
    path-browserify: ^1.0.0
    url-parse: ~1.5.4
  checksum: 4ce2c660dea8a174e805b00cdecfa0b00fd7500cd07f5fbb62c69b48722728162baf90dc9c86c8e72044052d9c0217a53d12a7a5ebdbe9714865d18b8e66593f
  languageName: node
  linkType: hard

"@jupyterlab/docregistry@npm:^4.2.4":
  version: 4.2.4
  resolution: "@jupyterlab/docregistry@npm:4.2.4"
  dependencies:
    "@jupyter/ydoc": ^2.0.1
    "@jupyterlab/apputils": ^4.3.4
    "@jupyterlab/codeeditor": ^4.2.4
    "@jupyterlab/coreutils": ^6.2.4
    "@jupyterlab/observables": ^5.2.4
    "@jupyterlab/rendermime": ^4.2.4
    "@jupyterlab/rendermime-interfaces": ^3.10.4
    "@jupyterlab/services": ^7.2.4
    "@jupyterlab/translation": ^4.2.4
    "@jupyterlab/ui-components": ^4.2.4
    "@lumino/algorithm": ^2.0.1
    "@lumino/coreutils": ^2.1.2
    "@lumino/disposable": ^2.1.2
    "@lumino/messaging": ^2.0.1
    "@lumino/properties": ^2.0.1
    "@lumino/signaling": ^2.1.2
    "@lumino/widgets": ^2.3.2
    react: ^18.2.0
  checksum: 725d4a6f4fc960ff9607b82c0d8aa065a0c7770d730ae5022be9db8defede6fa65f3c03d65c4518df8a651219d347c9d7ca75c18134907847e3759154c325650
  languageName: node
  linkType: hard

"@jupyterlab/nbformat@npm:^3.0.0 || ^4.0.0-alpha.21 || ^4.0.0, @jupyterlab/nbformat@npm:^4.2.4":
  version: 4.2.4
  resolution: "@jupyterlab/nbformat@npm:4.2.4"
  dependencies:
    "@lumino/coreutils": ^2.1.2
  checksum: 61ac75dbaa32ef196eb9e177529ba259c6b0648601646b52ec8a1b25dbca4fce8c6d78090b47fd0674bf993f883fa62223dc52e50a59f1b2c843a9d5c8d02ef4
  languageName: node
  linkType: hard

"@jupyterlab/observables@npm:^5.2.4":
  version: 5.2.4
  resolution: "@jupyterlab/observables@npm:5.2.4"
  dependencies:
    "@lumino/algorithm": ^2.0.1
    "@lumino/coreutils": ^2.1.2
    "@lumino/disposable": ^2.1.2
    "@lumino/messaging": ^2.0.1
    "@lumino/signaling": ^2.1.2
  checksum: 48af3aadfafa8707643678f127d6c9e4e9a2b9ad009cfdbf9de5df7212bfbbb213ab786b05364d647477416a790580b4fd9aa8ade817fd9108df23a815741b05
  languageName: node
  linkType: hard

"@jupyterlab/rendermime-interfaces@npm:^3.10.4":
  version: 3.10.4
  resolution: "@jupyterlab/rendermime-interfaces@npm:3.10.4"
  dependencies:
    "@lumino/coreutils": ^1.11.0 || ^2.1.2
    "@lumino/widgets": ^1.37.2 || ^2.3.2
  checksum: 9671389dc1714a1c12e1c5a7b7b28388f75e28a53a05721f26035a731578a36ab88c3805dd7425a74857142100ac1b6ec3edf2bd131430a3bac0a9b23ab1fccd
  languageName: node
  linkType: hard

"@jupyterlab/rendermime@npm:^4.2.4":
  version: 4.2.4
  resolution: "@jupyterlab/rendermime@npm:4.2.4"
  dependencies:
    "@jupyterlab/apputils": ^4.3.4
    "@jupyterlab/coreutils": ^6.2.4
    "@jupyterlab/nbformat": ^4.2.4
    "@jupyterlab/observables": ^5.2.4
    "@jupyterlab/rendermime-interfaces": ^3.10.4
    "@jupyterlab/services": ^7.2.4
    "@jupyterlab/translation": ^4.2.4
    "@lumino/coreutils": ^2.1.2
    "@lumino/messaging": ^2.0.1
    "@lumino/signaling": ^2.1.2
    "@lumino/widgets": ^2.3.2
    lodash.escape: ^4.0.1
  checksum: 45dbe6a32d4718d1e1e35d47c7aadc35c5f59ed9a813129b7736e6aa95122c8d14ef092ca8f0765fb95258352daee6d48c65016d98efcf3bb2d7f278661753f7
  languageName: node
  linkType: hard

"@jupyterlab/services@npm:^7.2.4":
  version: 7.2.4
  resolution: "@jupyterlab/services@npm:7.2.4"
  dependencies:
    "@jupyter/ydoc": ^2.0.1
    "@jupyterlab/coreutils": ^6.2.4
    "@jupyterlab/nbformat": ^4.2.4
    "@jupyterlab/settingregistry": ^4.2.4
    "@jupyterlab/statedb": ^4.2.4
    "@lumino/coreutils": ^2.1.2
    "@lumino/disposable": ^2.1.2
    "@lumino/polling": ^2.1.2
    "@lumino/properties": ^2.0.1
    "@lumino/signaling": ^2.1.2
    ws: ^8.11.0
  checksum: 7262d6ac6bc8a41e03ec45c7d4dd8e8eb2547dff315a9be9c81cff0e5f4f9e3fb12fd3d008cb4132efced9800023470fb5fef5f446307903b8cdee8c1ca96d34
  languageName: node
  linkType: hard

"@jupyterlab/settingregistry@npm:^4.2.4":
  version: 4.2.4
  resolution: "@jupyterlab/settingregistry@npm:4.2.4"
  dependencies:
    "@jupyterlab/nbformat": ^4.2.4
    "@jupyterlab/statedb": ^4.2.4
    "@lumino/commands": ^2.3.0
    "@lumino/coreutils": ^2.1.2
    "@lumino/disposable": ^2.1.2
    "@lumino/signaling": ^2.1.2
    "@rjsf/utils": ^5.13.4
    ajv: ^8.12.0
    json5: ^2.2.3
  peerDependencies:
    react: ">=16"
  checksum: c4d1bfef80811697c0979f76b3a0c1f6597d6f07fd227004fd7f1237abc20ac6dda4cfffcb487166625e3c72ffa5c9e25e0a865c86217e9280207362b8864247
  languageName: node
  linkType: hard

"@jupyterlab/statedb@npm:^4.2.4":
  version: 4.2.4
  resolution: "@jupyterlab/statedb@npm:4.2.4"
  dependencies:
    "@lumino/commands": ^2.3.0
    "@lumino/coreutils": ^2.1.2
    "@lumino/disposable": ^2.1.2
    "@lumino/properties": ^2.0.1
    "@lumino/signaling": ^2.1.2
  checksum: 63d2eeab1e4f45593b417f7aa4bbff5a78703858d2c49497632f37d262acca37e4600766dcd3d744de4048ba8e6726dcbe44718453a1d43eb088380f48e70609
  languageName: node
  linkType: hard

"@jupyterlab/statusbar@npm:^4.2.4":
  version: 4.2.4
  resolution: "@jupyterlab/statusbar@npm:4.2.4"
  dependencies:
    "@jupyterlab/ui-components": ^4.2.4
    "@lumino/algorithm": ^2.0.1
    "@lumino/coreutils": ^2.1.2
    "@lumino/disposable": ^2.1.2
    "@lumino/messaging": ^2.0.1
    "@lumino/signaling": ^2.1.2
    "@lumino/widgets": ^2.3.2
    react: ^18.2.0
  checksum: 0c7a79473bfe2cfafcd20f3f3ffe5de4192edcf3bcd0a2cb2ac1e1c9aaf49be31d5f70da0c8301d1d347d87400100a570f00a914367150948eb914dbf480d787
  languageName: node
  linkType: hard

"@jupyterlab/translation@npm:^4.2.4":
  version: 4.2.4
  resolution: "@jupyterlab/translation@npm:4.2.4"
  dependencies:
    "@jupyterlab/coreutils": ^6.2.4
    "@jupyterlab/rendermime-interfaces": ^3.10.4
    "@jupyterlab/services": ^7.2.4
    "@jupyterlab/statedb": ^4.2.4
    "@lumino/coreutils": ^2.1.2
  checksum: 9551517b95431dd74e68b1cde2931eb4a4a1edfd21562f8c658ea75c4d3e7c66ecc232e441c8e903639517c3495d2fd367c61418266823491c8e665f5880df1a
  languageName: node
  linkType: hard

"@jupyterlab/ui-components@npm:^4.2.4":
  version: 4.2.4
  resolution: "@jupyterlab/ui-components@npm:4.2.4"
  dependencies:
    "@jupyter/react-components": ^0.15.3
    "@jupyter/web-components": ^0.15.3
    "@jupyterlab/coreutils": ^6.2.4
    "@jupyterlab/observables": ^5.2.4
    "@jupyterlab/rendermime-interfaces": ^3.10.4
    "@jupyterlab/translation": ^4.2.4
    "@lumino/algorithm": ^2.0.1
    "@lumino/commands": ^2.3.0
    "@lumino/coreutils": ^2.1.2
    "@lumino/disposable": ^2.1.2
    "@lumino/messaging": ^2.0.1
    "@lumino/polling": ^2.1.2
    "@lumino/properties": ^2.0.1
    "@lumino/signaling": ^2.1.2
    "@lumino/virtualdom": ^2.0.1
    "@lumino/widgets": ^2.3.2
    "@rjsf/core": ^5.13.4
    "@rjsf/utils": ^5.13.4
    react: ^18.2.0
    react-dom: ^18.2.0
    typestyle: ^2.0.4
  peerDependencies:
    react: ^18.2.0
  checksum: 79282488905776378976516fee64df86be06fdfd838f702048cccc90870ea6b0ac972f24f305416e48deb15470594f31a9b1245ad6b5a6141643397fb94644af
  languageName: node
  linkType: hard

"@lumino/algorithm@npm:^2.0.1, @lumino/algorithm@npm:^2.0.2":
  version: 2.0.2
  resolution: "@lumino/algorithm@npm:2.0.2"
  checksum: 34b25684b845f1bdbf78ca45ebd99a97b67b2992440c9643aafe5fc5a99fae1ddafa9e5890b246b233dc3a12d9f66aa84afe4a2aac44cf31071348ed217740db
  languageName: node
  linkType: hard

"@lumino/application@npm:^2.3.1":
  version: 2.4.0
  resolution: "@lumino/application@npm:2.4.0"
  dependencies:
    "@lumino/commands": ^2.3.1
    "@lumino/coreutils": ^2.2.0
    "@lumino/widgets": ^2.4.0
  checksum: cac5233f94a07412fd3f2fe8e6f9b446f96bf076c4a63c3c05098103d88da68ab55480d0c10cda0b3e9ea8f9cd1d6c8acc817eb3348f3dc275be7271450da976
  languageName: node
  linkType: hard

"@lumino/collections@npm:^2.0.2":
  version: 2.0.2
  resolution: "@lumino/collections@npm:2.0.2"
  dependencies:
    "@lumino/algorithm": ^2.0.2
  checksum: e8bb2068a3741940e0dd396fa729c3c9d12458b41b7c2a9d171c5c034e69fb5834116a824094a8aa4182397e13abace06025ed5032a755ea85b976eae74ee9a9
  languageName: node
  linkType: hard

"@lumino/commands@npm:^2.3.0, @lumino/commands@npm:^2.3.1":
  version: 2.3.1
  resolution: "@lumino/commands@npm:2.3.1"
  dependencies:
    "@lumino/algorithm": ^2.0.2
    "@lumino/coreutils": ^2.2.0
    "@lumino/disposable": ^2.1.3
    "@lumino/domutils": ^2.0.2
    "@lumino/keyboard": ^2.0.2
    "@lumino/signaling": ^2.1.3
    "@lumino/virtualdom": ^2.0.2
  checksum: 83bc6d66de37e58582b00f70ce66e797c9fcf84e36041c6881631ed0d281305e2a49927f5b2fe6c5c965733f3cd6fb4a233c7b7967fc050497024a941659bd65
  languageName: node
  linkType: hard

"@lumino/coreutils@npm:^1.11.0 || ^2.0.0, @lumino/coreutils@npm:^1.11.0 || ^2.1.2, @lumino/coreutils@npm:^2.1.2, @lumino/coreutils@npm:^2.2.0":
  version: 2.2.0
  resolution: "@lumino/coreutils@npm:2.2.0"
  dependencies:
    "@lumino/algorithm": ^2.0.2
  checksum: 345fcd5d7493d745831dd944edfbd8eda06cc59a117e71023fc97ce53badd697be2bd51671f071f5ff0064f75f104575d9695f116a07517bafbedd38e5c7a785
  languageName: node
  linkType: hard

"@lumino/disposable@npm:^1.10.0 || ^2.0.0, @lumino/disposable@npm:^2.1.2, @lumino/disposable@npm:^2.1.3":
  version: 2.1.3
  resolution: "@lumino/disposable@npm:2.1.3"
  dependencies:
    "@lumino/signaling": ^2.1.3
  checksum: b9a346fa2752b3cd1b053cb637ee173501d33082a73423429070e8acc508b034ea0babdae0549b923cbdd287ee1fc7f6159f0539c9fff7574393a214eef07c57
  languageName: node
  linkType: hard

"@lumino/domutils@npm:^2.0.1, @lumino/domutils@npm:^2.0.2":
  version: 2.0.2
  resolution: "@lumino/domutils@npm:2.0.2"
  checksum: 037b8d0b62af43887fd7edd506fa551e2af104a4b46d62e6fef256e16754dba40d351513beb5083834d468b2c7806aae0fe205fd6aac8ef24759451ee998bbd9
  languageName: node
  linkType: hard

"@lumino/dragdrop@npm:^2.1.4, @lumino/dragdrop@npm:^2.1.5":
  version: 2.1.5
  resolution: "@lumino/dragdrop@npm:2.1.5"
  dependencies:
    "@lumino/coreutils": ^2.2.0
    "@lumino/disposable": ^2.1.3
  checksum: 48e34bea73186dcde4565fa68cd25067b7f5fe910813d28da9ab3c5392bfaa0b26aab1290635dc953d85bbb139da7ac1ffc040a5d5777d58fd087975dd4b5ef7
  languageName: node
  linkType: hard

"@lumino/keyboard@npm:^2.0.2":
  version: 2.0.2
  resolution: "@lumino/keyboard@npm:2.0.2"
  checksum: 198e8c17825c9a831fa0770f58a71574b936acb0f0bbbe7f8feb73d89686dda7ff41fcb02d12b401f5d462b45fe0bba24f7f38befb7cefe0826576559f0bee6d
  languageName: node
  linkType: hard

"@lumino/messaging@npm:^2.0.1, @lumino/messaging@npm:^2.0.2":
  version: 2.0.2
  resolution: "@lumino/messaging@npm:2.0.2"
  dependencies:
    "@lumino/algorithm": ^2.0.2
    "@lumino/collections": ^2.0.2
  checksum: 66abd8c473026123589dc22f2ce8f85da10e0b1a05c05ed9b2011035721da5f751cc7ef63b628877f446a78a4287e26ad1450efbeaf0c2e03b1d08be9abaca4d
  languageName: node
  linkType: hard

"@lumino/polling@npm:^2.1.2":
  version: 2.1.3
  resolution: "@lumino/polling@npm:2.1.3"
  dependencies:
    "@lumino/coreutils": ^2.2.0
    "@lumino/disposable": ^2.1.3
    "@lumino/signaling": ^2.1.3
  checksum: 2c94dbc2339dd06b3b89a3a690d23576ce095f92bf1f614557dcaeb1c1a8a707b2a18d78c03e5fd7376a43e3f393cc4fec42a65580ae4b67c6630ea86cecbac6
  languageName: node
  linkType: hard

"@lumino/properties@npm:^2.0.1, @lumino/properties@npm:^2.0.2":
  version: 2.0.2
  resolution: "@lumino/properties@npm:2.0.2"
  checksum: cbe802bd49ced7e13e50b1d89b82e0f03fb44a590c704e6b9343226498b21d8abfe119b024209e79876b4fc0938dbf85e964c6c4cd5bbdd4d7ba41ce0fb69f3f
  languageName: node
  linkType: hard

"@lumino/signaling@npm:^1.10.0 || ^2.0.0, @lumino/signaling@npm:^2.1.2, @lumino/signaling@npm:^2.1.3":
  version: 2.1.3
  resolution: "@lumino/signaling@npm:2.1.3"
  dependencies:
    "@lumino/algorithm": ^2.0.2
    "@lumino/coreutils": ^2.2.0
  checksum: ce59383bd75fe30df5800e0442dbc4193cc6778e2530b9be0f484d159f1d8668be5c6ee92cee9df36d5a0c3dbd9126d0479a82581dee1df889d5c9f922d3328d
  languageName: node
  linkType: hard

"@lumino/virtualdom@npm:^2.0.1, @lumino/virtualdom@npm:^2.0.2":
  version: 2.0.2
  resolution: "@lumino/virtualdom@npm:2.0.2"
  dependencies:
    "@lumino/algorithm": ^2.0.2
  checksum: 0e1220d5b3b2441e7668f3542a6341e015bdbea0c8bd6d4be962009386c034336540732596d5dedcd54ca57fbde61c2942549129a3e1b0fccb1aa143685fcd15
  languageName: node
  linkType: hard

"@lumino/widgets@npm:^1.37.2 || ^2.3.2, @lumino/widgets@npm:^2.3.2, @lumino/widgets@npm:^2.4.0":
  version: 2.4.0
  resolution: "@lumino/widgets@npm:2.4.0"
  dependencies:
    "@lumino/algorithm": ^2.0.2
    "@lumino/commands": ^2.3.1
    "@lumino/coreutils": ^2.2.0
    "@lumino/disposable": ^2.1.3
    "@lumino/domutils": ^2.0.2
    "@lumino/dragdrop": ^2.1.5
    "@lumino/keyboard": ^2.0.2
    "@lumino/messaging": ^2.0.2
    "@lumino/properties": ^2.0.2
    "@lumino/signaling": ^2.1.3
    "@lumino/virtualdom": ^2.0.2
  checksum: 0a57ce4228b143c52ae97c7057ab66e1b4cbe902075c6356924fcc589d3f1aae7611bb028d476ce8d72ef7546fd303e9ec898ebb2c3d34fe1e94ca27a7ab7e00
  languageName: node
  linkType: hard

"@microsoft/fast-colors@npm:^5.3.1":
  version: 5.3.1
  resolution: "@microsoft/fast-colors@npm:5.3.1"
  checksum: ff87f402faadb4b5aeee3d27762566c11807f927cd4012b8bbc7f073ca68de0e2197f95330ff5dfd7038f4b4f0e2f51b11feb64c5d570f5c598d37850a5daf60
  languageName: node
  linkType: hard

"@microsoft/fast-element@npm:^1.12.0, @microsoft/fast-element@npm:^1.13.0":
  version: 1.13.0
  resolution: "@microsoft/fast-element@npm:1.13.0"
  checksum: 1cb7b4cfb7531116a3542d3f59bf1dd35106194f5764205403590250aaff744de79e35a5a1f36b4941c4eda9edc088148d4d629fb80be15fdf25f6be01770f3a
  languageName: node
  linkType: hard

"@microsoft/fast-foundation@npm:^2.49.4, @microsoft/fast-foundation@npm:^2.49.6":
  version: 2.49.6
  resolution: "@microsoft/fast-foundation@npm:2.49.6"
  dependencies:
    "@microsoft/fast-element": ^1.13.0
    "@microsoft/fast-web-utilities": ^5.4.1
    tabbable: ^5.2.0
    tslib: ^1.13.0
  checksum: 15fdf9dd0b910a72a9cff140f765d522304df11f8a78d5a97a815e2bbae25027c2b336e94f89ca31e650d6aabe17b590b7453acc0d2cb7340c219eb76350a942
  languageName: node
  linkType: hard

"@microsoft/fast-react-wrapper@npm:^0.3.22":
  version: 0.3.24
  resolution: "@microsoft/fast-react-wrapper@npm:0.3.24"
  dependencies:
    "@microsoft/fast-element": ^1.13.0
    "@microsoft/fast-foundation": ^2.49.6
  peerDependencies:
    react: ">=16.9.0"
  checksum: 1d7a87509c22872bafc9b5c64f66659e52ba0cfdff484d7204125e503dafdea143f5e1bd2a643e2f3fbba6cc7567d916393369433f19dab9f0adcbe7a88b7d98
  languageName: node
  linkType: hard

"@microsoft/fast-web-utilities@npm:^5.4.1":
  version: 5.4.1
  resolution: "@microsoft/fast-web-utilities@npm:5.4.1"
  dependencies:
    exenv-es6: ^1.1.1
  checksum: 303e87847f962944f474e3716c3eb305668243916ca9e0719e26bb9a32346144bc958d915c103776b3e552cea0f0f6233f839fad66adfdf96a8436b947288ca7
  languageName: node
  linkType: hard

"@rjsf/core@npm:^5.13.4":
  version: 5.19.4
  resolution: "@rjsf/core@npm:5.19.4"
  dependencies:
    lodash: ^4.17.21
    lodash-es: ^4.17.21
    markdown-to-jsx: ^7.4.1
    nanoid: ^3.3.7
    prop-types: ^15.8.1
  peerDependencies:
    "@rjsf/utils": ^5.19.x
    react: ^16.14.0 || >=17
  checksum: 470bccf57e518a99ce608fd44ae083bcbf1a2e4271aefd6cdb1e0e0ad382e8efdc47a22c315186fb0ce4b7258203b4f8e37c4d04c95bc6a6ae72e198949802c7
  languageName: node
  linkType: hard

"@rjsf/utils@npm:^5.13.4":
  version: 5.19.4
  resolution: "@rjsf/utils@npm:5.19.4"
  dependencies:
    json-schema-merge-allof: ^0.8.1
    jsonpointer: ^5.0.1
    lodash: ^4.17.21
    lodash-es: ^4.17.21
    react-is: ^18.2.0
  peerDependencies:
    react: ^16.14.0 || >=17
  checksum: a0996d705ced9aba9318c6c2bb17ce43e1346039ecfb5e2cf69faed6634efbc1dce47c8fb41335030e72cc70d58e79bb108a8cb6bafa32aa30c9d6611e668ff4
  languageName: node
  linkType: hard

"@types/prop-types@npm:*":
  version: 15.7.12
  resolution: "@types/prop-types@npm:15.7.12"
  checksum: ac16cc3d0a84431ffa5cfdf89579ad1e2269549f32ce0c769321fdd078f84db4fbe1b461ed5a1a496caf09e637c0e367d600c541435716a55b1d9713f5035dfe
  languageName: node
  linkType: hard

"@types/react@npm:^18.0.26":
  version: 18.3.3
  resolution: "@types/react@npm:18.3.3"
  dependencies:
    "@types/prop-types": "*"
    csstype: ^3.0.2
  checksum: c63d6a78163244e2022b01ef79b0baec4fe4da3475dc4a90bb8accefad35ef0c43560fd0312e5974f92a0f1108aa4d669ac72d73d66396aa060ea03b5d2e3873
  languageName: node
  linkType: hard

"ajv@npm:^8.12.0":
  version: 8.17.1
  resolution: "ajv@npm:8.17.1"
  dependencies:
    fast-deep-equal: ^3.1.3
    fast-uri: ^3.0.1
    json-schema-traverse: ^1.0.0
    require-from-string: ^2.0.2
  checksum: 1797bf242cfffbaf3b870d13565bd1716b73f214bb7ada9a497063aada210200da36e3ed40237285f3255acc4feeae91b1fb183625331bad27da95973f7253d9
  languageName: node
  linkType: hard

"compute-gcd@npm:^1.2.1":
  version: 1.2.1
  resolution: "compute-gcd@npm:1.2.1"
  dependencies:
    validate.io-array: ^1.0.3
    validate.io-function: ^1.0.2
    validate.io-integer-array: ^1.0.0
  checksum: 51cf33b75f7c8db5142fcb99a9d84a40260993fed8e02a7ab443834186c3ab99b3fd20b30ad9075a6a9d959d69df6da74dd3be8a59c78d9f2fe780ebda8242e1
  languageName: node
  linkType: hard

"compute-lcm@npm:^1.1.2":
  version: 1.1.2
  resolution: "compute-lcm@npm:1.1.2"
  dependencies:
    compute-gcd: ^1.2.1
    validate.io-array: ^1.0.3
    validate.io-function: ^1.0.2
    validate.io-integer-array: ^1.0.0
  checksum: d499ab57dcb48e8d0fd233b99844a06d1cc56115602c920c586e998ebba60293731f5b6976e8a1e83ae6cbfe86716f62d9432e8d94913fed8bd8352f447dc917
  languageName: node
  linkType: hard

"csstype@npm:3.0.10":
  version: 3.0.10
  resolution: "csstype@npm:3.0.10"
  checksum: 20a8fa324f2b33ddf94aa7507d1b6ab3daa6f3cc308888dc50126585d7952f2471de69b2dbe0635d1fdc31223fef8e070842691877e725caf456e2378685a631
  languageName: node
  linkType: hard

"csstype@npm:^3.0.2":
  version: 3.1.3
  resolution: "csstype@npm:3.1.3"
  checksum: 8db785cc92d259102725b3c694ec0c823f5619a84741b5c7991b8ad135dfaa66093038a1cc63e03361a6cd28d122be48f2106ae72334e067dd619a51f49eddf7
  languageName: node
  linkType: hard

"deepmerge@npm:^4.2.2":
  version: 4.3.1
  resolution: "deepmerge@npm:4.3.1"
  checksum: 2024c6a980a1b7128084170c4cf56b0fd58a63f2da1660dcfe977415f27b17dbe5888668b59d0b063753f3220719d5e400b7f113609489c90160bb9a5518d052
  languageName: node
  linkType: hard

"dom-serializer@npm:^2.0.0":
  version: 2.0.0
  resolution: "dom-serializer@npm:2.0.0"
  dependencies:
    domelementtype: ^2.3.0
    domhandler: ^5.0.2
    entities: ^4.2.0
  checksum: cd1810544fd8cdfbd51fa2c0c1128ec3a13ba92f14e61b7650b5de421b88205fd2e3f0cc6ace82f13334114addb90ed1c2f23074a51770a8e9c1273acbc7f3e6
  languageName: node
  linkType: hard

"domelementtype@npm:^2.3.0":
  version: 2.3.0
  resolution: "domelementtype@npm:2.3.0"
  checksum: ee837a318ff702622f383409d1f5b25dd1024b692ef64d3096ff702e26339f8e345820f29a68bcdcea8cfee3531776b3382651232fbeae95612d6f0a75efb4f6
  languageName: node
  linkType: hard

"domhandler@npm:^5.0.2, domhandler@npm:^5.0.3":
  version: 5.0.3
  resolution: "domhandler@npm:5.0.3"
  dependencies:
    domelementtype: ^2.3.0
  checksum: 0f58f4a6af63e6f3a4320aa446d28b5790a009018707bce2859dcb1d21144c7876482b5188395a188dfa974238c019e0a1e610d2fc269a12b2c192ea2b0b131c
  languageName: node
  linkType: hard

"domutils@npm:^3.0.1":
  version: 3.1.0
  resolution: "domutils@npm:3.1.0"
  dependencies:
    dom-serializer: ^2.0.0
    domelementtype: ^2.3.0
    domhandler: ^5.0.3
  checksum: e5757456ddd173caa411cfc02c2bb64133c65546d2c4081381a3bafc8a57411a41eed70494551aa58030be9e58574fcc489828bebd673863d39924fb4878f416
  languageName: node
  linkType: hard

"entities@npm:^4.2.0, entities@npm:^4.4.0":
  version: 4.5.0
  resolution: "entities@npm:4.5.0"
  checksum: 853f8ebd5b425d350bffa97dd6958143179a5938352ccae092c62d1267c4e392a039be1bae7d51b6e4ffad25f51f9617531fedf5237f15df302ccfb452cbf2d7
  languageName: node
  linkType: hard

"escape-string-regexp@npm:^4.0.0":
  version: 4.0.0
  resolution: "escape-string-regexp@npm:4.0.0"
  checksum: 98b48897d93060f2322108bf29db0feba7dd774be96cd069458d1453347b25ce8682ecc39859d4bca2203cc0ab19c237bcc71755eff49a0f8d90beadeeba5cc5
  languageName: node
  linkType: hard

"exenv-es6@npm:^1.1.1":
  version: 1.1.1
  resolution: "exenv-es6@npm:1.1.1"
  checksum: 7f2aa12025e6f06c48dc286f380cf3183bb19c6017b36d91695034a3e5124a7235c4f8ff24ca2eb88ae801322f0f99605cedfcfd996a5fcbba7669320e2a448e
  languageName: node
  linkType: hard

"fast-deep-equal@npm:^3.1.3":
  version: 3.1.3
  resolution: "fast-deep-equal@npm:3.1.3"
  checksum: e21a9d8d84f53493b6aa15efc9cfd53dd5b714a1f23f67fb5dc8f574af80df889b3bce25dc081887c6d25457cce704e636395333abad896ccdec03abaf1f3f9d
  languageName: node
  linkType: hard

"fast-uri@npm:^3.0.1":
  version: 3.0.1
  resolution: "fast-uri@npm:3.0.1"
  checksum: 106143ff83705995225dcc559411288f3337e732bb2e264e79788f1914b6bd8f8bc3683102de60b15ba00e6ebb443633cabac77d4ebc5cb228c47cf955e199ff
  languageName: node
  linkType: hard

"free-style@npm:3.1.0":
  version: 3.1.0
  resolution: "free-style@npm:3.1.0"
  checksum: 949258ae315deda48cac93ecd5f9a80f36e8a027e19ce2103598dc8d5ab60e963bbad5444b2a4990ddb746798dd188896f430285cf484afbf2141f7d75a191d8
  languageName: node
  linkType: hard

"htmlparser2@npm:^8.0.0":
  version: 8.0.2
  resolution: "htmlparser2@npm:8.0.2"
  dependencies:
    domelementtype: ^2.3.0
    domhandler: ^5.0.3
    domutils: ^3.0.1
    entities: ^4.4.0
  checksum: 29167a0f9282f181da8a6d0311b76820c8a59bc9e3c87009e21968264c2987d2723d6fde5a964d4b7b6cba663fca96ffb373c06d8223a85f52a6089ced942700
  languageName: node
  linkType: hard

"is-plain-object@npm:^5.0.0":
  version: 5.0.0
  resolution: "is-plain-object@npm:5.0.0"
  checksum: e32d27061eef62c0847d303125440a38660517e586f2f3db7c9d179ae5b6674ab0f469d519b2e25c147a1a3bc87156d0d5f4d8821e0ce4a9ee7fe1fcf11ce45c
  languageName: node
  linkType: hard

"isomorphic.js@npm:^0.2.4":
  version: 0.2.5
  resolution: "isomorphic.js@npm:0.2.5"
  checksum: d8d1b083f05f3c337a06628b982ac3ce6db953bbef14a9de8ad49131250c3592f864b73c12030fdc9ef138ce97b76ef55c7d96a849561ac215b1b4b9d301c8e9
  languageName: node
  linkType: hard

"js-tokens@npm:^3.0.0 || ^4.0.0":
  version: 4.0.0
  resolution: "js-tokens@npm:4.0.0"
  checksum: 8a95213a5a77deb6cbe94d86340e8d9ace2b93bc367790b260101d2f36a2eaf4e4e22d9fa9cf459b38af3a32fb4190e638024cf82ec95ef708680e405ea7cc78
  languageName: node
  linkType: hard

"json-schema-compare@npm:^0.2.2":
  version: 0.2.2
  resolution: "json-schema-compare@npm:0.2.2"
  dependencies:
    lodash: ^4.17.4
  checksum: dd6f2173857c8e3b77d6ebdfa05bd505bba5b08709ab46b532722f5d1c33b5fee1fc8f3c97d0c0d011db25f9f3b0baf7ab783bb5f55c32abd9f1201760e43c2c
  languageName: node
  linkType: hard

"json-schema-merge-allof@npm:^0.8.1":
  version: 0.8.1
  resolution: "json-schema-merge-allof@npm:0.8.1"
  dependencies:
    compute-lcm: ^1.1.2
    json-schema-compare: ^0.2.2
    lodash: ^4.17.20
  checksum: 82700f6ac77351959138d6b153d77375a8c29cf48d907241b85c8292dd77aabd8cb816400f2b0d17062c4ccc8893832ec4f664ab9c814927ef502e7a595ea873
  languageName: node
  linkType: hard

"json-schema-traverse@npm:^1.0.0":
  version: 1.0.0
  resolution: "json-schema-traverse@npm:1.0.0"
  checksum: 02f2f466cdb0362558b2f1fd5e15cce82ef55d60cd7f8fa828cf35ba74330f8d767fcae5c5c2adb7851fa811766c694b9405810879bc4e1ddd78a7c0e03658ad
  languageName: node
  linkType: hard

"json5@npm:^2.2.3":
  version: 2.2.3
  resolution: "json5@npm:2.2.3"
  bin:
    json5: lib/cli.js
  checksum: 2a7436a93393830bce797d4626275152e37e877b265e94ca69c99e3d20c2b9dab021279146a39cdb700e71b2dd32a4cebd1514cd57cee102b1af906ce5040349
  languageName: node
  linkType: hard

"jsonpointer@npm:^5.0.1":
  version: 5.0.1
  resolution: "jsonpointer@npm:5.0.1"
  checksum: 0b40f712900ad0c846681ea2db23b6684b9d5eedf55807b4708c656f5894b63507d0e28ae10aa1bddbea551241035afe62b6df0800fc94c2e2806a7f3adecd7c
  languageName: node
  linkType: hard

"lib0@npm:^0.2.85, lib0@npm:^0.2.86":
  version: 0.2.95
  resolution: "lib0@npm:0.2.95"
  dependencies:
    isomorphic.js: ^0.2.4
  bin:
    0ecdsa-generate-keypair: bin/0ecdsa-generate-keypair.js
    0gentesthtml: bin/gentesthtml.js
    0serve: bin/0serve.js
  checksum: 7a97848728e3197478b9ba0bc30c00bba480d063c27cff1aba11ab516965cc71397ab63e7a9555108801bd6f4298f7e5d859a5221848d0300d42a9f8c47d8205
  languageName: node
  linkType: hard

"lodash-es@npm:^4.17.21":
  version: 4.17.21
  resolution: "lodash-es@npm:4.17.21"
  checksum: 05cbffad6e2adbb331a4e16fbd826e7faee403a1a04873b82b42c0f22090f280839f85b95393f487c1303c8a3d2a010048bf06151a6cbe03eee4d388fb0a12d2
  languageName: node
  linkType: hard

"lodash.escape@npm:^4.0.1":
  version: 4.0.1
  resolution: "lodash.escape@npm:4.0.1"
  checksum: fcb54f457497256964d619d5cccbd80a961916fca60df3fe0fa3e7f052715c2944c0ed5aefb4f9e047d127d44aa2d55555f3350cb42c6549e9e293fb30b41e7f
  languageName: node
  linkType: hard

"lodash@npm:^4.17.20, lodash@npm:^4.17.21, lodash@npm:^4.17.4":
  version: 4.17.21
  resolution: "lodash@npm:4.17.21"
  checksum: eb835a2e51d381e561e508ce932ea50a8e5a68f4ebdd771ea240d3048244a8d13658acbd502cd4829768c56f2e16bdd4340b9ea141297d472517b83868e677f7
  languageName: node
  linkType: hard

"loose-envify@npm:^1.1.0, loose-envify@npm:^1.4.0":
  version: 1.4.0
  resolution: "loose-envify@npm:1.4.0"
  dependencies:
    js-tokens: ^3.0.0 || ^4.0.0
  bin:
    loose-envify: cli.js
  checksum: 6517e24e0cad87ec9888f500c5b5947032cdfe6ef65e1c1936a0c48a524b81e65542c9c3edc91c97d5bddc806ee2a985dbc79be89215d613b1de5db6d1cfe6f4
  languageName: node
  linkType: hard

"markdown-to-jsx@npm:^7.4.1":
  version: 7.4.7
  resolution: "markdown-to-jsx@npm:7.4.7"
  peerDependencies:
    react: ">= 0.14.0"
  checksum: bb8a696c8a95dd67ac1eb44255f31cf17e60b6c2ff03bfcd51b5e28da17856c57d7a16da59fda7f3a4eedb01d7e92eeef57a10ff3abd5431e5c80059d4565016
  languageName: node
  linkType: hard

"minimist@npm:~1.2.0":
  version: 1.2.8
  resolution: "minimist@npm:1.2.8"
  checksum: 75a6d645fb122dad29c06a7597bddea977258957ed88d7a6df59b5cd3fe4a527e253e9bbf2e783e4b73657f9098b96a5fe96ab8a113655d4109108577ecf85b0
  languageName: node
  linkType: hard

"nanoid@npm:^3.3.7":
  version: 3.3.7
  resolution: "nanoid@npm:3.3.7"
  bin:
    nanoid: bin/nanoid.cjs
  checksum: d36c427e530713e4ac6567d488b489a36582ef89da1d6d4e3b87eded11eb10d7042a877958c6f104929809b2ab0bafa17652b076cdf84324aa75b30b722204f2
  languageName: node
  linkType: hard

"object-assign@npm:^4.1.1":
  version: 4.1.1
  resolution: "object-assign@npm:4.1.1"
  checksum: fcc6e4ea8c7fe48abfbb552578b1c53e0d194086e2e6bbbf59e0a536381a292f39943c6e9628af05b5528aa5e3318bb30d6b2e53cadaf5b8fe9e12c4b69af23f
  languageName: node
  linkType: hard

"parse-srcset@npm:^1.0.2":
  version: 1.0.2
  resolution: "parse-srcset@npm:1.0.2"
  checksum: 3a0380380c6082021fcce982f0b89fb8a493ce9dfd7d308e5e6d855201e80db8b90438649b31fdd82a3d6089a8ca17dccddaa2b730a718389af4c037b8539ebf
  languageName: node
  linkType: hard

"path-browserify@npm:^1.0.0":
  version: 1.0.1
  resolution: "path-browserify@npm:1.0.1"
  checksum: c6d7fa376423fe35b95b2d67990060c3ee304fc815ff0a2dc1c6c3cfaff2bd0d572ee67e18f19d0ea3bbe32e8add2a05021132ac40509416459fffee35200699
  languageName: node
  linkType: hard

"picocolors@npm:^1.0.1":
  version: 1.0.1
  resolution: "picocolors@npm:1.0.1"
  checksum: fa68166d1f56009fc02a34cdfd112b0dd3cf1ef57667ac57281f714065558c01828cdf4f18600ad6851cbe0093952ed0660b1e0156bddf2184b6aaf5817553a5
  languageName: node
  linkType: hard

"postcss@npm:^8.3.11":
  version: 8.4.40
  resolution: "postcss@npm:8.4.40"
  dependencies:
    nanoid: ^3.3.7
    picocolors: ^1.0.1
    source-map-js: ^1.2.0
  checksum: afd0cc49d2169dcd96c0f17e155c5d75de048956306a3017f1cfa6a7d66b941592245bed20f7796ceeccb2d8967749b623be2c7b010a74f67ea10fb5bdb8ba28
  languageName: node
  linkType: hard

"prop-types@npm:^15.8.1":
  version: 15.8.1
  resolution: "prop-types@npm:15.8.1"
  dependencies:
    loose-envify: ^1.4.0
    object-assign: ^4.1.1
    react-is: ^16.13.1
  checksum: c056d3f1c057cb7ff8344c645450e14f088a915d078dcda795041765047fa080d38e5d626560ccaac94a4e16e3aa15f3557c1a9a8d1174530955e992c675e459
  languageName: node
  linkType: hard

"querystringify@npm:^2.1.1":
  version: 2.2.0
  resolution: "querystringify@npm:2.2.0"
  checksum: 5641ea231bad7ef6d64d9998faca95611ed4b11c2591a8cae741e178a974f6a8e0ebde008475259abe1621cb15e692404e6b6626e927f7b849d5c09392604b15
  languageName: node
  linkType: hard

"react-dom@npm:^18.2.0":
  version: 18.3.1
  resolution: "react-dom@npm:18.3.1"
  dependencies:
    loose-envify: ^1.1.0
    scheduler: ^0.23.2
  peerDependencies:
    react: ^18.3.1
  checksum: 298954ecd8f78288dcaece05e88b570014d8f6dce5db6f66e6ee91448debeb59dcd31561dddb354eee47e6c1bb234669459060deb238ed0213497146e555a0b9
  languageName: node
  linkType: hard

"react-is@npm:^16.13.1":
  version: 16.13.1
  resolution: "react-is@npm:16.13.1"
  checksum: f7a19ac3496de32ca9ae12aa030f00f14a3d45374f1ceca0af707c831b2a6098ef0d6bdae51bd437b0a306d7f01d4677fcc8de7c0d331eb47ad0f46130e53c5f
  languageName: node
  linkType: hard

"react-is@npm:^18.2.0":
  version: 18.3.1
  resolution: "react-is@npm:18.3.1"
  checksum: e20fe84c86ff172fc8d898251b7cc2c43645d108bf96d0b8edf39b98f9a2cae97b40520ee7ed8ee0085ccc94736c4886294456033304151c3f94978cec03df21
  languageName: node
  linkType: hard

"react@npm:>=17.0.0 <19.0.0, react@npm:^18.2.0":
  version: 18.3.1
  resolution: "react@npm:18.3.1"
  dependencies:
    loose-envify: ^1.1.0
  checksum: a27bcfa8ff7c15a1e50244ad0d0c1cb2ad4375eeffefd266a64889beea6f6b64c4966c9b37d14ee32d6c9fcd5aa6ba183b6988167ab4d127d13e7cb5b386a376
  languageName: node
  linkType: hard

"require-from-string@npm:^2.0.2":
  version: 2.0.2
  resolution: "require-from-string@npm:2.0.2"
  checksum: a03ef6895445f33a4015300c426699bc66b2b044ba7b670aa238610381b56d3f07c686251740d575e22f4c87531ba662d06937508f0f3c0f1ddc04db3130560b
  languageName: node
  linkType: hard

"requires-port@npm:^1.0.0":
  version: 1.0.0
  resolution: "requires-port@npm:1.0.0"
  checksum: eee0e303adffb69be55d1a214e415cf42b7441ae858c76dfc5353148644f6fd6e698926fc4643f510d5c126d12a705e7c8ed7e38061113bdf37547ab356797ff
  languageName: node
  linkType: hard

"sanitize-html@npm:~2.12.1":
  version: 2.12.1
  resolution: "sanitize-html@npm:2.12.1"
  dependencies:
    deepmerge: ^4.2.2
    escape-string-regexp: ^4.0.0
    htmlparser2: ^8.0.0
    is-plain-object: ^5.0.0
    parse-srcset: ^1.0.2
    postcss: ^8.3.11
  checksum: fb96ea7170d51b5af2607f5cfd84464c78fc6f47e339407f55783e781c6a0288a8d40bbf97ea6a8758924ba9b2d33dcc4846bb94caacacd90d7f2de10ed8541a
  languageName: node
  linkType: hard

"scheduler@npm:^0.23.2":
  version: 0.23.2
  resolution: "scheduler@npm:0.23.2"
  dependencies:
    loose-envify: ^1.1.0
  checksum: 3e82d1f419e240ef6219d794ff29c7ee415fbdc19e038f680a10c067108e06284f1847450a210b29bbaf97b9d8a97ced5f624c31c681248ac84c80d56ad5a2c4
  languageName: node
  linkType: hard

"source-map-js@npm:^1.2.0":
  version: 1.2.0
  resolution: "source-map-js@npm:1.2.0"
  checksum: 791a43306d9223792e84293b00458bf102a8946e7188f3db0e4e22d8d530b5f80a4ce468eb5ec0bf585443ad55ebbd630bf379c98db0b1f317fd902500217f97
  languageName: node
  linkType: hard

"syntax_highlighting@workspace:.":
  version: 0.0.0-use.local
  resolution: "syntax_highlighting@workspace:."
  dependencies:
    "@jupyterlab/application": ^4.2.4
    "@jupyterlab/apputils": ^4.3.4
  languageName: unknown
  linkType: soft

"tabbable@npm:^5.2.0":
  version: 5.3.3
  resolution: "tabbable@npm:5.3.3"
  checksum: 1aa56e1bb617cc10616c407f4e756f0607f3e2d30f9803664d70b85db037ca27e75918ed1c71443f3dc902e21dc9f991ce4b52d63a538c9b69b3218d3babcd70
  languageName: node
  linkType: hard

"tslib@npm:^1.13.0":
  version: 1.14.1
  resolution: "tslib@npm:1.14.1"
  checksum: dbe628ef87f66691d5d2959b3e41b9ca0045c3ee3c7c7b906cc1e328b39f199bb1ad9e671c39025bd56122ac57dfbf7385a94843b1cc07c60a4db74795829acd
  languageName: node
  linkType: hard

"typestyle@npm:^2.0.4":
  version: 2.4.0
  resolution: "typestyle@npm:2.4.0"
  dependencies:
    csstype: 3.0.10
    free-style: 3.1.0
  checksum: 8b4f02c24f67b594f98507b15a753dabd4db5eb0af007e1d310527c64030e11e9464b25b5a6bc65fb5eec9a4459a8336050121ecc29063ac87b8b47a6d698893
  languageName: node
  linkType: hard

"url-parse@npm:~1.5.4":
  version: 1.5.10
  resolution: "url-parse@npm:1.5.10"
  dependencies:
    querystringify: ^2.1.1
    requires-port: ^1.0.0
  checksum: fbdba6b1d83336aca2216bbdc38ba658d9cfb8fc7f665eb8b17852de638ff7d1a162c198a8e4ed66001ddbf6c9888d41e4798912c62b4fd777a31657989f7bdf
  languageName: node
  linkType: hard

"validate.io-array@npm:^1.0.3":
  version: 1.0.6
  resolution: "validate.io-array@npm:1.0.6"
  checksum: 54eca83ebc702e3e46499f9d9e77287a95ae25c4e727cd2fafee29c7333b3a36cca0c5d8f090b9406262786de80750fba85e7e7ef41e20bf8cc67d5570de449b
  languageName: node
  linkType: hard

"validate.io-function@npm:^1.0.2":
  version: 1.0.2
  resolution: "validate.io-function@npm:1.0.2"
  checksum: e4cce2479a20cb7c42e8630c777fb107059c27bc32925f769e3a73ca5fd62b4892d897b3c80227e14d5fcd1c5b7d05544e0579d63e59f14034c0052cda7f7c44
  languageName: node
  linkType: hard

"validate.io-integer-array@npm:^1.0.0":
  version: 1.0.0
  resolution: "validate.io-integer-array@npm:1.0.0"
  dependencies:
    validate.io-array: ^1.0.3
    validate.io-integer: ^1.0.4
  checksum: 5f6d7fab8df7d2bf546a05e830201768464605539c75a2c2417b632b4411a00df84b462f81eac75e1be95303e7e0ac92f244c137424739f4e15cd21c2eb52c7f
  languageName: node
  linkType: hard

"validate.io-integer@npm:^1.0.4":
  version: 1.0.5
  resolution: "validate.io-integer@npm:1.0.5"
  dependencies:
    validate.io-number: ^1.0.3
  checksum: 88b3f8bb5a5277a95305d64abbfc437079220ce4f57a148cc6113e7ccec03dd86b10a69d413982602aa90a62b8d516148a78716f550dcd3aff863ac1c2a7a5e6
  languageName: node
  linkType: hard

"validate.io-number@npm:^1.0.3":
  version: 1.0.3
  resolution: "validate.io-number@npm:1.0.3"
  checksum: 42418aeb6c969efa745475154fe576809b02eccd0961aad0421b090d6e7a12d23a3e28b0d5dddd2c6347c1a6bdccb82bba5048c716131cd20207244d50e07282
  languageName: node
  linkType: hard

"ws@npm:^8.11.0":
  version: 8.18.0
  resolution: "ws@npm:8.18.0"
  peerDependencies:
    bufferutil: ^4.0.1
    utf-8-validate: ">=5.0.2"
  peerDependenciesMeta:
    bufferutil:
      optional: true
    utf-8-validate:
      optional: true
  checksum: 91d4d35bc99ff6df483bdf029b9ea4bfd7af1f16fc91231a96777a63d263e1eabf486e13a2353970efc534f9faa43bdbf9ee76525af22f4752cbc5ebda333975
  languageName: node
  linkType: hard

"y-protocols@npm:^1.0.5":
  version: 1.0.6
  resolution: "y-protocols@npm:1.0.6"
  dependencies:
    lib0: ^0.2.85
  peerDependencies:
    yjs: ^13.0.0
  checksum: 4b57c8811befcf2e45c3d47830005f8a33e626c734f78a42fe8a4fa3caad2233ba85a7c8bceefbd52ffc40130d3f3faee664fd0d1c324ff1fa8817a056ccdc1c
  languageName: node
  linkType: hard

"yjs@npm:^13.5.40":
  version: 13.6.18
  resolution: "yjs@npm:13.6.18"
  dependencies:
    lib0: ^0.2.86
  checksum: 5c9f8f31f5f9f30f17680a765b015e4274820fe10fb6bf6a7d39dee2ff0493a81ace02d11bff6f18c6799cade2bcfc9fc2d7b6ca8bc1eb167c4ac2f3789c0f01
  languageName: node
  linkType: hard
